
Microsoft Visual Studio Solution File, Format Version 12.00
# Visual Studio Version 16
VisualStudioVersion = 16.0.32413.511
MinimumVisualStudioVersion = 10.0.40219.1
Project("{FAE04EC0-301F-11D3-BF4B-00C04F79EFBC}") = "HorizonTech.Android", "HorizonTech\HorizonTech.Android\HorizonTech.Android.csproj", "{66DF3611-00EE-45D9-AF4E-D933C71EFB0F}"
EndProject
Project("{FAE04EC0-301F-11D3-BF4B-00C04F79EFBC}") = "HorizonTech.iOS", "HorizonTech\HorizonTech.iOS\HorizonTech.iOS.csproj", "{E648E30B-8323-4F34-9FA9-CCB9F581D3EB}"
EndProject
Project("{FAE04EC0-301F-11D3-BF4B-00C04F79EFBC}") = "HorizonTech", "HorizonTech\HorizonTech\HorizonTech.csproj", "{9B238578-687B-45FD-A0C5-F3C4DD617AEB}"
EndProject
Global
	GlobalSection(SolutionConfigurationPlatforms) = preSolution
		Debug|Any CPU = Debug|Any CPU
		Debug|iPhone = Debug|iPhone
		Debug|iPhoneSimulator = Debug|iPhoneSimulator
		Release|Any CPU = Release|Any CPU
		Release|iPhone = Release|iPhone
		Release|iPhoneSimulator = Release|iPhoneSimulator
	EndGlobalSection
	GlobalSection(ProjectConfigurationPlatforms) = postSolution
		{66DF3611-00EE-45D9-AF4E-D933C71EFB0F}.Debug|Any CPU.ActiveCfg = Debug|Any CPU
		{66DF3611-00EE-45D9-AF4E-D933C71EFB0F}.Debug|Any CPU.Build.0 = Debug|Any CPU
		{66DF3611-00EE-45D9-AF4E-D933C71EFB0F}.Debug|Any CPU.Deploy.0 = Debug|Any CPU
		{66DF3611-00EE-45D9-AF4E-D933C71EFB0F}.Debug|iPhone.ActiveCfg = Debug|Any CPU
		{66DF3611-00EE-45D9-AF4E-D933C71EFB0F}.Debug|iPhone.Build.0 = Debug|Any CPU
		{66DF3611-00EE-45D9-AF4E-D933C71EFB0F}.Debug|iPhone.Deploy.0 = Debug|Any CPU
		{66DF3611-00EE-45D9-AF4E-D933C71EFB0F}.Debug|iPhoneSimulator.ActiveCfg = Debug|Any CPU
		{66DF3611-00EE-45D9-AF4E-D933C71EFB0F}.Debug|iPhoneSimulator.Build.0 = Debug|Any CPU
		{66DF3611-00EE-45D9-AF4E-D933C71EFB0F}.Debug|iPhoneSimulator.Deploy.0 = Debug|Any CPU
		{66DF3611-00EE-45D9-AF4E-D933C71EFB0F}.Release|Any CPU.ActiveCfg = Release|Any CPU
		{66DF3611-00EE-45D9-AF4E-D933C71EFB0F}.Release|Any CPU.Build.0 = Release|Any CPU
		{66DF3611-00EE-45D9-AF4E-D933C71EFB0F}.Release|Any CPU.Deploy.0 = Release|Any CPU
		{66DF3611-00EE-45D9-AF4E-D933C71EFB0F}.Release|iPhone.ActiveCfg = Release|Any CPU
		{66DF3611-00EE-45D9-AF4E-D933C71EFB0F}.Release|iPhone.Build.0 = Release|Any CPU
		{66DF3611-00EE-45D9-AF4E-D933C71EFB0F}.Release|iPhone.Deploy.0 = Release|Any CPU
		{66DF3611-00EE-45D9-AF4E-D933C71EFB0F}.Release|iPhoneSimulator.ActiveCfg = Release|Any CPU
		{66DF3611-00EE-45D9-AF4E-D933C71EFB0F}.Release|iPhoneSimulator.Build.0 = Release|Any CPU
		{66DF3611-00EE-45D9-AF4E-D933C71EFB0F}.Release|iPhoneSimulator.Deploy.0 = Release|Any CPU
		{E648E30B-8323-4F34-9FA9-CCB9F581D3EB}.Debug|Any CPU.ActiveCfg = Debug|iPhone
		{E648E30B-8323-4F34-9FA9-CCB9F581D3EB}.Debug|Any CPU.Build.0 = Debug|iPhone
		{E648E30B-8323-4F34-9FA9-CCB9F581D3EB}.Debug|Any CPU.Deploy.0 = Debug|iPhone
		{E648E30B-8323-4F34-9FA9-CCB9F581D3EB}.Debug|iPhone.ActiveCfg = Debug|iPhone
		{E648E30B-8323-4F34-9FA9-CCB9F581D3EB}.Debug|iPhone.Build.0 = Debug|iPhone
		{E648E30B-8323-4F34-9FA9-CCB9F581D3EB}.Debug|iPhone.Deploy.0 = Debug|iPhone
		{E648E30B-8323-4F34-9FA9-CCB9F581D3EB}.Debug|iPhoneSimulator.ActiveCfg = Debug|iPhoneSimulator
		{E648E30B-8323-4F34-9FA9-CCB9F581D3EB}.Debug|iPhoneSimulator.Build.0 = Debug|iPhoneSimulator
		{E648E30B-8323-4F34-9FA9-CCB9F581D3EB}.Debug|iPhoneSimulator.Deploy.0 = Debug|iPhoneSimulator
		{E648E30B-8323-4F34-9FA9-CCB9F581D3EB}.Release|Any CPU.ActiveCfg = Release|iPhoneSimulator
		{E648E30B-8323-4F34-9FA9-CCB9F581D3EB}.Release|Any CPU.Build.0 = Release|iPhoneSimulator
		{E648E30B-8323-4F34-9FA9-CCB9F581D3EB}.Release|Any CPU.Deploy.0 = Release|iPhoneSimulator
		{E648E30B-8323-4F34-9FA9-CCB9F581D3EB}.Release|iPhone.ActiveCfg = Release|iPhone
		{E648E30B-8323-4F34-9FA9-CCB9F581D3EB}.Release|iPhone.Build.0 = Release|iPhone
		{E648E30B-8323-4F34-9FA9-CCB9F581D3EB}.Release|iPhone.Deploy.0 = Release|iPhone
		{E648E30B-8323-4F34-9FA9-CCB9F581D3EB}.Release|iPhoneSimulator.ActiveCfg = Release|iPhoneSimulator
		{E648E30B-8323-4F34-9FA9-CCB9F581D3EB}.Release|iPhoneSimulator.Build.0 = Release|iPhoneSimulator
		{E648E30B-8323-4F34-9FA9-CCB9F581D3EB}.Release|iPhoneSimulator.Deploy.0 = Release|iPhoneSimulator
		{9B238578-687B-45FD-A0C5-F3C4DD617AEB}.Debug|Any CPU.ActiveCfg = Debug|Any CPU
		{9B238578-687B-45FD-A0C5-F3C4DD617AEB}.Debug|Any CPU.Build.0 = Debug|Any CPU
		{9B238578-687B-45FD-A0C5-F3C4DD617AEB}.Debug|Any CPU.Deploy.0 = Debug|Any CPU
		{9B238578-687B-45FD-A0C5-F3C4DD617AEB}.Debug|iPhone.ActiveCfg = Debug|Any CPU
		{9B238578-687B-45FD-A0C5-F3C4DD617AEB}.Debug|iPhone.Build.0 = Debug|Any CPU
		{9B238578-687B-45FD-A0C5-F3C4DD617AEB}.Debug|iPhone.Deploy.0 = Debug|Any CPU
		{9B238578-687B-45FD-A0C5-F3C4DD617AEB}.Debug|iPhoneSimulator.ActiveCfg = Debug|Any CPU
		{9B238578-687B-45FD-A0C5-F3C4DD617AEB}.Debug|iPhoneSimulator.Build.0 = Debug|Any CPU
		{9B238578-687B-45FD-A0C5-F3C4DD617AEB}.Debug|iPhoneSimulator.Deploy.0 = Debug|Any CPU
		{9B238578-687B-45FD-A0C5-F3C4DD617AEB}.Release|Any CPU.ActiveCfg = Release|Any CPU
		{9B238578-687B-45FD-A0C5-F3C4DD617AEB}.Release|Any CPU.Build.0 = Release|Any CPU
		{9B238578-687B-45FD-A0C5-F3C4DD617AEB}.Release|Any CPU.Deploy.0 = Release|Any CPU
		{9B238578-687B-45FD-A0C5-F3C4DD617AEB}.Release|iPhone.ActiveCfg = Release|Any CPU
		{9B238578-687B-45FD-A0C5-F3C4DD617AEB}.Release|iPhone.Build.0 = Release|Any CPU
		{9B238578-687B-45FD-A0C5-F3C4DD617AEB}.Release|iPhone.Deploy.0 = Release|Any CPU
		{9B238578-687B-45FD-A0C5-F3C4DD617AEB}.Release|iPhoneSimulator.ActiveCfg = Release|Any CPU
		{9B238578-687B-45FD-A0C5-F3C4DD617AEB}.Release|iPhoneSimulator.Build.0 = Release|Any CPU
		{9B238578-687B-45FD-A0C5-F3C4DD617AEB}.Release|iPhoneSimulator.Deploy.0 = Release|Any CPU
	EndGlobalSection
	GlobalSection(SolutionProperties) = preSolution
		HideSolutionNode = FALSE
	EndGlobalSection
	GlobalSection(ExtensibilityGlobals) = postSolution
		SolutionGuid = {F7A3151D-3828-47F5-90A9-289A769487F0}
	EndGlobalSection
EndGlobal
